# This file is autogenerated, do not edit; changes may be undone by the next 'dep ensure'.


[[projects]]
  name = "github.com/pkg/errors"
  packages = ["."]
  revision = "645ef00459ed84a119197bfb8d8205042c6df63d"
  version = "v0.8.0"

[[projects]]
  branch = "master"
  name = "github.com/robertkrimen/otto"
  packages = [".","ast","dbg","file","parser","registry","token"]
  revision = "68a29f5e29b18d7367e686c43cf74eba1900f548"

[[projects]]
  name = "gopkg.in/sourcemap.v1"
  packages = [".","base64vlq"]
  revision = "6e83acea0053641eff084973fee085f0c193c61a"
  version = "v1.0.5"

[solve-meta]
  analyzer-name = "dep"
  analyzer-version = 1
  inputs-digest = "ff8d761cfff716ab7330c791620782d349e51fc07319335fbc19a41f5f95ec4f"
  solver-name = "gps-cdcl"
  solver-version = 1
